{
  "lockfileVersion": 1,
  "workspaces": {
    "": {
      "name": "HoNoNo",
      "dependencies": {
        "hono": "4.7.8",
      },
    },
  },
  "packages": {
    "hono": ["hono@4.7.8", "", {}, "sha512-PCibtFdxa7/Ldud9yddl1G81GjYaeMYYTq4ywSaNsYbB1Lug4mwtOMJf2WXykL0pntYwmpRJeOI3NmoDgD+Jxw=="],
  }
}
